
Microsoft Visual Studio Solution File, Format Version 12.00
# Visual Studio Version 16
VisualStudioVersion = 16.0.30804.86
MinimumVisualStudioVersion = 10.0.40219.1
Project("{FAE04EC0-301F-11D3-BF4B-00C04F79EFBC}") = "Factory_Method", "Factory_Method\Factory_Method.csproj", "{E4723542-0625-4711-9853-0494A1453D7E}"
EndProject
Global
	GlobalSection(SolutionConfigurationPlatforms) = preSolution
		Debug|Any CPU = Debug|Any CPU
		Release|Any CPU = Release|Any CPU
	EndGlobalSection
	GlobalSection(ProjectConfigurationPlatforms) = postSolution
		{E4723542-0625-4711-9853-0494A1453D7E}.Debug|Any CPU.ActiveCfg = Debug|Any CPU
		{E4723542-0625-4711-9853-0494A1453D7E}.Debug|Any CPU.Build.0 = Debug|Any CPU
		{E4723542-0625-4711-9853-0494A1453D7E}.Release|Any CPU.ActiveCfg = Release|Any CPU
		{E4723542-0625-4711-9853-0494A1453D7E}.Release|Any CPU.Build.0 = Release|Any CPU
	EndGlobalSection
	GlobalSection(SolutionProperties) = preSolution
		HideSolutionNode = FALSE
	EndGlobalSection
	GlobalSection(ExtensibilityGlobals) = postSolution
		SolutionGuid = {A29D6E07-9804-4232-975F-664419A852F4}
	EndGlobalSection
EndGlobal
